dependencies:
  cikon_certs:
    component_hash: d75d3db4c14afaa589ebbccd6100c0c0306928dfde9596c451d38cea31020d21
    dependencies: []
    source:
      git: git@github.com:pwilga/cikon-iot-solution.git
      path: components/cikon_certs
      type: git
    version: 6b1d683753bf5ed4605c3aef63b3013d040578bd
  cikon_config:
    component_hash: e3a18e46c65b4442d3490217c9d6d7403f3d99d13946d62543a2ea183e741a80
    dependencies: []
    source:
      git: https://github.com/pwilga/cikon-iot-solution.git
      path: components/cikon_config
      type: git
    targets:
    - esp32
    - esp32c3
    version: 6b1d683753bf5ed4605c3aef63b3013d040578bd
  cikon_core:
    component_hash: 3fb665e8fb85e230affa8c64ee5bd23fa52e22bace1198125345e22b5d1fbb8d
    dependencies: []
    source:
      git: git@github.com:pwilga/cikon-iot-solution.git
      path: components/cikon_core
      type: git
    targets:
    - esp32
    - esp32c3
    version: 6b1d683753bf5ed4605c3aef63b3013d040578bd
  cikon_helpers:
    component_hash: 0857efd953cf69f61b614b979129a270b9d518d6f9efd70386f2aaeeed78b8bd
    dependencies: []
    source:
      git: git@github.com:pwilga/cikon-iot-solution.git
      path: components/cikon_helpers
      type: git
    version: 6b1d683753bf5ed4605c3aef63b3013d040578bd
  cikon_mqtt:
    component_hash: 752fc34617571ed35be6b49bc1f7a1c5399992ee08bb59f7c2fd2ca1931f3d72
    dependencies:
    - git: git@github.com:pwilga/cikon-iot-solution.git
      name: cikon_certs
      path: components/cikon_certs
    - git: git@github.com:pwilga/cikon-iot-solution.git
      name: cikon_helpers
      path: components/cikon_helpers
    source:
      git: https://github.com/pwilga/cikon-iot-solution.git
      path: components/cikon_mqtt
      type: git
    targets:
    - esp32
    - esp32c3
    version: 6b1d683753bf5ed4605c3aef63b3013d040578bd
  cikon_wifi:
    component_hash: 92177374333747f5c80bde09d76f068ba3a07b608fa73440760918d7d79ab5d5
    dependencies: []
    source:
      git: git@github.com:pwilga/cikon-iot-solution.git
      path: components/cikon_wifi
      type: git
    targets:
    - esp32
    - esp32c3
    version: 6b1d683753bf5ed4605c3aef63b3013d040578bd
  espressif/button:
    component_hash: 4ed25fcf354b48aa5e5680b9e7549e38d7738f9b613c94a2e39119c100db9c95
    dependencies:
    - name: espressif/cmake_utilities
      registry_url: https://components.espressif.com
      require: private
      version: '*'
    - name: idf
      require: private
      version: '>=4.0'
    source:
      registry_url: https://components.espressif.com/
      type: service
    version: 4.1.4
  espressif/cmake_utilities:
    component_hash: 05165f30922b422b4b90c08845e6d449329b97370fbd06309803d8cb539d79e3
    dependencies:
    - name: idf
      require: private
      version: '>=4.1'
    source:
      registry_url: https://components.espressif.com
      type: service
    version: 1.1.1
  espressif/mdns:
    component_hash: 5c148bc0996305bcf111c465bba021a8155d4247b0d9353c39da9b44a91ca381
    dependencies:
    - name: idf
      require: private
      version: '>=5.0'
    source:
      registry_url: https://components.espressif.com/
      type: service
    version: 1.9.0
  idf:
    source:
      type: idf
    version: 6.0.0
direct_dependencies:
- cikon_config
- cikon_core
- cikon_mqtt
- cikon_wifi
- espressif/button
- espressif/mdns
- idf
manifest_hash: 7f635ccffb2fc5bfc4c9fb73b07226cb04ac31a8c68e4ee7537224bfb50b87fa
target: esp32
version: 2.0.0
